
Microsoft Visual Studio Solution File, Format Version 12.00
# Visual Studio Version 17
VisualStudioVersion = 17.7.34031.279
MinimumVisualStudioVersion = 10.0.40219.1
Project("{FAE04EC0-301F-11D3-BF4B-00C04F79EFBC}") = "SyncNotifySender", "SyncNotifySender.csproj", "{6103D977-8124-460A-9EB2-0DAD3DFF5E9D}"
EndProject
Global
	GlobalSection(SolutionConfigurationPlatforms) = preSolution
		Debug|Any CPU = Debug|Any CPU
		Release|Any CPU = Release|Any CPU
	EndGlobalSection
	GlobalSection(ProjectConfigurationPlatforms) = postSolution
		{6103D977-8124-460A-9EB2-0DAD3DFF5E9D}.Debug|Any CPU.ActiveCfg = Debug|Any CPU
		{6103D977-8124-460A-9EB2-0DAD3DFF5E9D}.Debug|Any CPU.Build.0 = Debug|Any CPU
		{6103D977-8124-460A-9EB2-0DAD3DFF5E9D}.Release|Any CPU.ActiveCfg = Release|Any CPU
		{6103D977-8124-460A-9EB2-0DAD3DFF5E9D}.Release|Any CPU.Build.0 = Release|Any CPU
	EndGlobalSection
	GlobalSection(SolutionProperties) = preSolution
		HideSolutionNode = FALSE
	EndGlobalSection
	GlobalSection(ExtensibilityGlobals) = postSolution
		SolutionGuid = {66791FC9-F9C5-49F4-BFD2-A48A1A8D39D8}
	EndGlobalSection
EndGlobal
